
Microsoft Visual Studio Solution File, Format Version 12.00
# Visual Studio Version 17
VisualStudioVersion = 17.4.33205.214
MinimumVisualStudioVersion = 10.0.40219.1
Project("{2150E333-8FDC-42A3-9474-1A3956D46DE8}") = "MVC", "MVC", "{2FD08F00-0623-4112-9878-713E8DC69DBB}"
EndProject
Project("{9A19103F-16F7-4668-BE54-9A1E7A4F7556}") = "Client.API", "..\Client.API\Client.API.csproj", "{64F0D286-77EF-4192-85BC-0759DD9FE635}"
EndProject
Project("{9A19103F-16F7-4668-BE54-9A1E7A4F7556}") = "Client.APP", "..\Client.APP\Client.APP.csproj", "{7107A770-EA77-439B-A8B5-440AAE8C161F}"
EndProject
Project("{2150E333-8FDC-42A3-9474-1A3956D46DE8}") = "Infraestructure", "Infraestructure", "{E12127A3-C50E-4AE2-8891-35689425B0A2}"
EndProject
Project("{9A19103F-16F7-4668-BE54-9A1E7A4F7556}") = "Infra.Data", "..\Infra.Data\Infra.Data.csproj", "{13D533ED-3644-4A24-BEDD-439D4ACE4CDD}"
EndProject
Project("{2150E333-8FDC-42A3-9474-1A3956D46DE8}") = "Service", "Service", "{3026AC44-826E-4C89-9313-B3F2608572F4}"
EndProject
Project("{2150E333-8FDC-42A3-9474-1A3956D46DE8}") = "Domain", "Domain", "{8BE722FD-210E-4A30-87F9-02E71F1F0EE8}"
EndProject
Project("{9A19103F-16F7-4668-BE54-9A1E7A4F7556}") = "Domain", "..\Domain\Domain.csproj", "{D2104E98-F16B-4C2D-BDF5-EE3DE37620EE}"
EndProject
Project("{9A19103F-16F7-4668-BE54-9A1E7A4F7556}") = "Service", "..\Service\Service.csproj", "{C3388ADB-036B-474A-8A5A-802EB6ABB3D9}"
EndProject
Project("{9A19103F-16F7-4668-BE54-9A1E7A4F7556}") = "Infra.IoC", "..\Infra.IoC\Infra.IoC.csproj", "{BC1EC838-67C1-4B2E-B102-AD18B8B3F3FE}"
EndProject
Project("{2150E333-8FDC-42A3-9474-1A3956D46DE8}") = "API", "API", "{336FF5CC-DE0D-4EB9-ABA2-7D6F74894785}"
EndProject
Global
	GlobalSection(SolutionConfigurationPlatforms) = preSolution
		Debug|Any CPU = Debug|Any CPU
		Release|Any CPU = Release|Any CPU
	EndGlobalSection
	GlobalSection(ProjectConfigurationPlatforms) = postSolution
		{64F0D286-77EF-4192-85BC-0759DD9FE635}.Debug|Any CPU.ActiveCfg = Debug|Any CPU
		{64F0D286-77EF-4192-85BC-0759DD9FE635}.Debug|Any CPU.Build.0 = Debug|Any CPU
		{64F0D286-77EF-4192-85BC-0759DD9FE635}.Release|Any CPU.ActiveCfg = Release|Any CPU
		{64F0D286-77EF-4192-85BC-0759DD9FE635}.Release|Any CPU.Build.0 = Release|Any CPU
		{7107A770-EA77-439B-A8B5-440AAE8C161F}.Debug|Any CPU.ActiveCfg = Debug|Any CPU
		{7107A770-EA77-439B-A8B5-440AAE8C161F}.Debug|Any CPU.Build.0 = Debug|Any CPU
		{7107A770-EA77-439B-A8B5-440AAE8C161F}.Release|Any CPU.ActiveCfg = Release|Any CPU
		{7107A770-EA77-439B-A8B5-440AAE8C161F}.Release|Any CPU.Build.0 = Release|Any CPU
		{13D533ED-3644-4A24-BEDD-439D4ACE4CDD}.Debug|Any CPU.ActiveCfg = Debug|Any CPU
		{13D533ED-3644-4A24-BEDD-439D4ACE4CDD}.Debug|Any CPU.Build.0 = Debug|Any CPU
		{13D533ED-3644-4A24-BEDD-439D4ACE4CDD}.Release|Any CPU.ActiveCfg = Release|Any CPU
		{13D533ED-3644-4A24-BEDD-439D4ACE4CDD}.Release|Any CPU.Build.0 = Release|Any CPU
		{D2104E98-F16B-4C2D-BDF5-EE3DE37620EE}.Debug|Any CPU.ActiveCfg = Debug|Any CPU
		{D2104E98-F16B-4C2D-BDF5-EE3DE37620EE}.Debug|Any CPU.Build.0 = Debug|Any CPU
		{D2104E98-F16B-4C2D-BDF5-EE3DE37620EE}.Release|Any CPU.ActiveCfg = Release|Any CPU
		{D2104E98-F16B-4C2D-BDF5-EE3DE37620EE}.Release|Any CPU.Build.0 = Release|Any CPU
		{C3388ADB-036B-474A-8A5A-802EB6ABB3D9}.Debug|Any CPU.ActiveCfg = Debug|Any CPU
		{C3388ADB-036B-474A-8A5A-802EB6ABB3D9}.Debug|Any CPU.Build.0 = Debug|Any CPU
		{C3388ADB-036B-474A-8A5A-802EB6ABB3D9}.Release|Any CPU.ActiveCfg = Release|Any CPU
		{C3388ADB-036B-474A-8A5A-802EB6ABB3D9}.Release|Any CPU.Build.0 = Release|Any CPU
		{BC1EC838-67C1-4B2E-B102-AD18B8B3F3FE}.Debug|Any CPU.ActiveCfg = Debug|Any CPU
		{BC1EC838-67C1-4B2E-B102-AD18B8B3F3FE}.Debug|Any CPU.Build.0 = Debug|Any CPU
		{BC1EC838-67C1-4B2E-B102-AD18B8B3F3FE}.Release|Any CPU.ActiveCfg = Release|Any CPU
		{BC1EC838-67C1-4B2E-B102-AD18B8B3F3FE}.Release|Any CPU.Build.0 = Release|Any CPU
	EndGlobalSection
	GlobalSection(SolutionProperties) = preSolution
		HideSolutionNode = FALSE
	EndGlobalSection
	GlobalSection(NestedProjects) = preSolution
		{64F0D286-77EF-4192-85BC-0759DD9FE635} = {336FF5CC-DE0D-4EB9-ABA2-7D6F74894785}
		{7107A770-EA77-439B-A8B5-440AAE8C161F} = {2FD08F00-0623-4112-9878-713E8DC69DBB}
		{E12127A3-C50E-4AE2-8891-35689425B0A2} = {336FF5CC-DE0D-4EB9-ABA2-7D6F74894785}
		{13D533ED-3644-4A24-BEDD-439D4ACE4CDD} = {E12127A3-C50E-4AE2-8891-35689425B0A2}
		{3026AC44-826E-4C89-9313-B3F2608572F4} = {336FF5CC-DE0D-4EB9-ABA2-7D6F74894785}
		{8BE722FD-210E-4A30-87F9-02E71F1F0EE8} = {336FF5CC-DE0D-4EB9-ABA2-7D6F74894785}
		{D2104E98-F16B-4C2D-BDF5-EE3DE37620EE} = {8BE722FD-210E-4A30-87F9-02E71F1F0EE8}
		{C3388ADB-036B-474A-8A5A-802EB6ABB3D9} = {3026AC44-826E-4C89-9313-B3F2608572F4}
		{BC1EC838-67C1-4B2E-B102-AD18B8B3F3FE} = {E12127A3-C50E-4AE2-8891-35689425B0A2}
	EndGlobalSection
	GlobalSection(ExtensibilityGlobals) = postSolution
		SolutionGuid = {2A8BFF5E-3848-4247-98E1-4867EBF43BE8}
	EndGlobalSection
EndGlobal
